schema: '2.0'
stages:
  model1:
    cmd: python3 model1.py
    deps:
    - path: ../data/processed/x_test.npy
      md5: 05852affbaf8e2140acaa95bfd8c602b
      size: 30720128
    - path: ../data/processed/x_train.npy
      md5: 794a4871ad6e5afe4edbe5c0c048b5a7
      size: 153600128
    - path: ../data/processed/y_test_1.npy
      md5: eba7239dab4d9fb951f468f6fd298806
      size: 400128
    - path: ../data/processed/y_train_1.npy
      md5: 9b3e65b0ad1ac15fb7f22de532dc4d92
      size: 2000128
    - path: model1.py
      md5: f409443318a9222eb8eb0be9ada95b74
      size: 4350
    outs:
    - path: ../models/model1.h5
      md5: 5beba0a53fdae18fa7de352a09e18bcc
      size: 139004248
  load_data:
    cmd: python3 load_data.py
    deps:
    - path: load_data.py
      md5: 0667e7a2f2aef59383d14f6ad0dc65c8
      size: 2013
    outs:
    - path: ../data/raw/x_test.npy
      md5: 05852affbaf8e2140acaa95bfd8c602b
      size: 30720128
    - path: ../data/raw/x_train.npy
      md5: 794a4871ad6e5afe4edbe5c0c048b5a7
      size: 153600128
    - path: ../data/raw/y_test.npy
      md5: 4846404154c8dd074a57c66c850dcdd1
      size: 10128
    - path: ../data/raw/y_train.npy
      md5: f8ebf94fefabced378e2bab00dc77491
      size: 50128
  preprocessing:
    cmd: python3 preprocessing.py
    deps:
    - path: ../data/raw/x_test.npy
      md5: 05852affbaf8e2140acaa95bfd8c602b
      size: 30720128
    - path: ../data/raw/x_train.npy
      md5: 794a4871ad6e5afe4edbe5c0c048b5a7
      size: 153600128
    - path: ../data/raw/y_test.npy
      md5: 4846404154c8dd074a57c66c850dcdd1
      size: 10128
    - path: ../data/raw/y_train.npy
      md5: f8ebf94fefabced378e2bab00dc77491
      size: 50128
    - path: preprocessing.py
      md5: cd28687141da92a00ebd42099fe2b544
      size: 3835
    outs:
    - path: ../data/processed/x_test.npy
      md5: 05852affbaf8e2140acaa95bfd8c602b
      size: 30720128
    - path: ../data/processed/x_train.npy
      md5: 794a4871ad6e5afe4edbe5c0c048b5a7
      size: 153600128
    - path: ../data/processed/y_test_1.npy
      md5: eba7239dab4d9fb951f468f6fd298806
      size: 400128
    - path: ../data/processed/y_test_2.npy
      md5: b4e363569a57309ba42e7a2ddb8dd4f4
      size: 80128
    - path: ../data/processed/y_train_1.npy
      md5: 9b3e65b0ad1ac15fb7f22de532dc4d92
      size: 2000128
    - path: ../data/processed/y_train_2.npy
      md5: bcff07d043008046e5105661980cb458
      size: 400128
  model2:
    cmd: python3 model2.py
    deps:
    - path: ../data/processed/x_test.npy
      md5: 05852affbaf8e2140acaa95bfd8c602b
      size: 30720128
    - path: ../data/processed/x_train.npy
      md5: 794a4871ad6e5afe4edbe5c0c048b5a7
      size: 153600128
    - path: ../data/processed/y_test_2.npy
      md5: b4e363569a57309ba42e7a2ddb8dd4f4
      size: 80128
    - path: ../data/processed/y_train_2.npy
      md5: bcff07d043008046e5105661980cb458
      size: 400128
    - path: model2.py
      md5: 56609a0ce7f151bc06a337603a869757
      size: 4271
    outs:
    - path: ../models/model2.h5
      md5: da23c4a54325d3ea51610f18a96d14bc
      size: 111017424
  main_evaluate:
    cmd: python3 main_evaluate.py
    deps:
    - path: ../models/model1.h5
      md5: 5beba0a53fdae18fa7de352a09e18bcc
      size: 139004248
    - path: ../models/model2.h5
      md5: da23c4a54325d3ea51610f18a96d14bc
      size: 111017424
    - path: main_evaluate.py
      md5: f6d2a55f03d7bf57050fcf25646a2da1
      size: 1083
